// !$*UTF8*$!
{
	archiveVersion = 1;
	classes = {
	};
	objectVersion = 50;
	objects = {

/* Begin PBXBuildFile section */
		01C7BC74227C8F68000B236A /* AppDelegate.swift in Sources */ = {isa = PBXBuildFile; fileRef = 01C7BC73227C8F68000B236A /* AppDelegate.swift */; };
		01C7BC76227C8F68000B236A /* ViewController.swift in Sources */ = {isa = PBXBuildFile; fileRef = 01C7BC75227C8F68000B236A /* ViewController.swift */; };
		01C7BC78227C8F69000B236A /* Assets.xcassets in Resources */ = {isa = PBXBuildFile; fileRef = 01C7BC77227C8F69000B236A /* Assets.xcassets */; };
		01C7BC7B227C8F69000B236A /* Main.storyboard in Resources */ = {isa = PBXBuildFile; fileRef = 01C7BC79227C8F69000B236A /* Main.storyboard */; };
		01C7BC84227C9254000B236A /* WeatherRecord.swift in Sources */ = {isa = PBXBuildFile; fileRef = 01C7BC83227C9254000B236A /* WeatherRecord.swift */; };
		01C7BC86227CE9B1000B236A /* TeamRecord.swift in Sources */ = {isa = PBXBuildFile; fileRef = 01C7BC85227CE9B1000B236A /* TeamRecord.swift */; };
/* End PBXBuildFile section */

/* Begin PBXFileReference section */
		01C7BC70227C8F68000B236A /* DataGrabber.app */ = {isa = PBXFileReference; explicitFileType = wrapper.application; includeInIndex = 0; path = DataGrabber.app; sourceTree = BUILT_PRODUCTS_DIR; };
		01C7BC73227C8F68000B236A /* AppDelegate.swift */ = {isa = PBXFileReference; lastKnownFileType = sourcecode.swift; path = AppDelegate.swift; sourceTree = "<group>"; };
		01C7BC75227C8F68000B236A /* ViewController.swift */ = {isa = PBXFileReference; lastKnownFileType = sourcecode.swift; path = ViewController.swift; sourceTree = "<group>"; };
		01C7BC77227C8F69000B236A /* Assets.xcassets */ = {isa = PBXFileReference; lastKnownFileType = folder.assetcatalog; path = Assets.xcassets; sourceTree = "<group>"; };
		01C7BC7A227C8F69000B236A /* Base */ = {isa = PBXFileReference; lastKnownFileType = file.storyboard; name = Base; path = Base.lproj/Main.storyboard; sourceTree = "<group>"; };
		01C7BC7C227C8F69000B236A /* Info.plist */ = {isa = PBXFileReference; lastKnownFileType = text.plist.xml; path = Info.plist; sourceTree = "<group>"; };
		01C7BC7D227C8F69000B236A /* DataGrabber.entitlements */ = {isa = PBXFileReference; lastKnownFileType = text.plist.entitlements; path = DataGrabber.entitlements; sourceTree = "<group>"; };
		01C7BC83227C9254000B236A /* WeatherRecord.swift */ = {isa = PBXFileReference; lastKnownFileType = sourcecode.swift; path = WeatherRecord.swift; sourceTree = "<group>"; };
		01C7BC85227CE9B1000B236A /* TeamRecord.swift */ = {isa = PBXFileReference; lastKnownFileType = sourcecode.swift; path = TeamRecord.swift; sourceTree = "<group>"; };
/* End PBXFileReference section */

/* Begin PBXFrameworksBuildPhase section */
		01C7BC6D227C8F68000B236A /* Frameworks */ = {
			isa = PBXFrameworksBuildPhase;
			buildActionMask = 2147483647;
			files = (
			);
			runOnlyForDeploymentPostprocessing = 0;
		};
/* End PBXFrameworksBuildPhase section */

/* Begin PBXGroup section */
		01C7BC67227C8F68000B236A = {
			isa = PBXGroup;
			children = (
				01C7BC72227C8F68000B236A /* DataGrabber */,
				01C7BC71227C8F68000B236A /* Products */,
			);
			sourceTree = "<group>";
		};
		01C7BC71227C8F68000B236A /* Products */ = {
			isa = PBXGroup;
			children = (
				01C7BC70227C8F68000B236A /* DataGrabber.app */,
			);
			name = Products;
			sourceTree = "<group>";
		};
		01C7BC72227C8F68000B236A /* DataGrabber */ = {
			isa = PBXGroup;
			children = (
				01C7BC73227C8F68000B236A /* AppDelegate.swift */,
				01C7BC75227C8F68000B236A /* ViewController.swift */,
				01C7BC83227C9254000B236A /* WeatherRecord.swift */,
				01C7BC85227CE9B1000B236A /* TeamRecord.swift */,
				01C7BC77227C8F69000B236A /* Assets.xcassets */,
				01C7BC79227C8F69000B236A /* Main.storyboard */,
				01C7BC7C227C8F69000B236A /* Info.plist */,
				01C7BC7D227C8F69000B236A /* DataGrabber.entitlements */,
			);
			path = DataGrabber;
			sourceTree = "<group>";
		};
/* End PBXGroup section */

/* Begin PBXNativeTarget section */
		01C7BC6F227C8F68000B236A /* DataGrabber */ = {
			isa = PBXNativeTarget;
			buildConfigurationList = 01C7BC80227C8F69000B236A /* Build configuration list for PBXNativeTarget "DataGrabber" */;
			buildPhases = (
				01C7BC6C227C8F68000B236A /* Sources */,
				01C7BC6D227C8F68000B236A /* Frameworks */,
				01C7BC6E227C8F68000B236A /* Resources */,
			);
			buildRules = (
			);
			dependencies = (
			);
			name = DataGrabber;
			productName = WeatherData;
			productReference = 01C7BC70227C8F68000B236A /* DataGrabber.app */;
			productType = "com.apple.product-type.application";
		};
/* End PBXNativeTarget section */

/* Begin PBXProject section */
		01C7BC68227C8F68000B236A /* Project object */ = {
			isa = PBXProject;
			attributes = {
				LastSwiftUpdateCheck = 1020;
				LastUpgradeCheck = 1020;
				ORGANIZATIONNAME = "Nikita Gulak";
				TargetAttributes = {
					01C7BC6F227C8F68000B236A = {
						CreatedOnToolsVersion = 10.2.1;
					};
				};
			};
			buildConfigurationList = 01C7BC6B227C8F68000B236A /* Build configuration list for PBXProject "DataGrabber" */;
			compatibilityVersion = "Xcode 9.3";
			developmentRegion = en;
			hasScannedForEncodings = 0;
			knownRegions = (
				en,
				Base,
			);
			mainGroup = 01C7BC67227C8F68000B236A;
			productRefGroup = 01C7BC71227C8F68000B236A /* Products */;
			projectDirPath = "";
			projectRoot = "";
			targets = (
				01C7BC6F227C8F68000B236A /* DataGrabber */,
			);
		};
/* End PBXProject section */

/* Begin PBXResourcesBuildPhase section */
		01C7BC6E227C8F68000B236A /* Resources */ = {
			isa = PBXResourcesBuildPhase;
			buildActionMask = 2147483647;
			files = (
				01C7BC78227C8F69000B236A /* Assets.xcassets in Resources */,
				01C7BC7B227C8F69000B236A /* Main.storyboard in Resources */,
			);
			runOnlyForDeploymentPostprocessing = 0;
		};
/* End PBXResourcesBuildPhase section */

/* Begin PBXSourcesBuildPhase section */
		01C7BC6C227C8F68000B236A /* Sources */ = {
			isa = PBXSourcesBuildPhase;
			buildActionMask = 2147483647;
			files = (
				01C7BC76227C8F68000B236A /* ViewController.swift in Sources */,
				01C7BC86227CE9B1000B236A /* TeamRecord.swift in Sources */,
				01C7BC74227C8F68000B236A /* AppDelegate.swift in Sources */,
				01C7BC84227C9254000B236A /* WeatherRecord.swift in Sources */,
			);
			runOnlyForDeploymentPostprocessing = 0;
		};
/* End PBXSourcesBuildPhase section */

/* Begin PBXVariantGroup section */
		01C7BC79227C8F69000B236A /* Main.storyboard */ = {
			isa = PBXVariantGroup;
			children = (
				01C7BC7A227C8F69000B236A /* Base */,
			);
			name = Main.storyboard;
			sourceTree = "<group>";
		};
/* End PBXVariantGroup section */

/* Begin XCBuildConfiguration section */
		01C7BC7E227C8F69000B236A /* Debug */ = {
			isa = XCBuildConfiguration;
			buildSettings = {
				ALWAYS_SEARCH_USER_PATHS = NO;
				CLANG_ANALYZER_NONNULL = YES;
				CLANG_ANALYZER_NUMBER_OBJECT_CONVERSION = YES_AGGRESSIVE;
				CLANG_CXX_LANGUAGE_STANDARD = "gnu++14";
				CLANG_CXX_LIBRARY = "libc++";
				CLANG_ENABLE_MODULES = YES;
				CLANG_ENABLE_OBJC_ARC = YES;
				CLANG_ENABLE_OBJC_WEAK = YES;
				CLANG_WARN_BLOCK_CAPTURE_AUTORELEASING = YES;
				CLANG_WARN_BOOL_CONVERSION = YES;
				CLANG_WARN_COMMA = YES;
				CLANG_WARN_CONSTANT_CONVERSION = YES;
				CLANG_WARN_DEPRECATED_OBJC_IMPLEMENTATIONS = YES;
				CLANG_WARN_DIRECT_OBJC_ISA_USAGE = YES_ERROR;
				CLANG_WARN_DOCUMENTATION_COMMENTS = YES;
				CLANG_WARN_EMPTY_BODY = YES;
				CLANG_WARN_ENUM_CONVERSION = YES;
				CLANG_WARN_INFINITE_RECURSION = YES;
				CLANG_WARN_INT_CONVERSION = YES;
				CLANG_WARN_NON_LITERAL_NULL_CONVERSION = YES;
				CLANG_WARN_OBJC_IMPLICIT_RETAIN_SELF = YES;
				CLANG_WARN_OBJC_LITERAL_CONVERSION = YES;
				CLANG_WARN_OBJC_ROOT_CLASS = YES_ERROR;
				CLANG_WARN_RANGE_LOOP_ANALYSIS = YES;
				CLANG_WARN_STRICT_PROTOTYPES = YES;
				CLANG_WARN_SUSPICIOUS_MOVE = YES;
				CLANG_WARN_UNGUARDED_AVAILABILITY = YES_AGGRESSIVE;
				CLANG_WARN_UNREACHABLE_CODE = YES;
				CLANG_WARN__DUPLICATE_METHOD_MATCH = YES;
				CODE_SIGN_IDENTITY = "Mac Developer";
				COPY_PHASE_STRIP = NO;
				DEBUG_INFORMATION_FORMAT = dwarf;
				ENABLE_STRICT_OBJC_MSGSEND = YES;
				ENABLE_TESTABILITY = YES;
				GCC_C_LANGUAGE_STANDARD = gnu11;
				GCC_DYNAMIC_NO_PIC = NO;
				GCC_NO_COMMON_BLOCKS = YES;
				GCC_OPTIMIZATION_LEVEL = 0;
				GCC_PREPROCESSOR_DEFINITIONS = (
					"DEBUG=1",
					"$(inherited)",
				);
				GCC_WARN_64_TO_32_BIT_CONVERSION = YES;
				GCC_WARN_ABOUT_RETURN_TYPE = YES_ERROR;
				GCC_WARN_UNDECLARED_SELECTOR = YES;
				GCC_WARN_UNINITIALIZED_AUTOS = YES_AGGRESSIVE;
				GCC_WARN_UNUSED_FUNCTION = YES;
				GCC_WARN_UNUSED_VARIABLE = YES;
				MACOSX_DEPLOYMENT_TARGET = 10.14;
				MTL_ENABLE_DEBUG_INFO = INCLUDE_SOURCE;
				MTL_FAST_MATH = YES;
				ONLY_ACTIVE_ARCH = YES;
				SDKROOT = macosx;
				SWIFT_ACTIVE_COMPILATION_CONDITIONS = DEBUG;
				SWIFT_OPTIMIZATION_LEVEL = "-Onone";
			};
			name = Debug;
		};
		01C7BC7F227C8F69000B236A /* Release */ = {
			isa = XCBuildConfiguration;
			buildSettings = {
				ALWAYS_SEARCH_USER_PATHS = NO;
				CLANG_ANALYZER_NONNULL = YES;
				CLANG_ANALYZER_NUMBER_OBJECT_CONVERSION = YES_AGGRESSIVE;
				CLANG_CXX_LANGUAGE_STANDARD = "gnu++14";
				CLANG_CXX_LIBRARY = "libc++";
				CLANG_ENABLE_MODULES = YES;
				CLANG_ENABLE_OBJC_ARC = YES;
				CLANG_ENABLE_OBJC_WEAK = YES;
				CLANG_WARN_BLOCK_CAPTURE_AUTORELEASING = YES;
				CLANG_WARN_BOOL_CONVERSION = YES;
				CLANG_WARN_COMMA = YES;
				CLANG_WARN_CONSTANT_CONVERSION = YES;
				CLANG_WARN_DEPRECATED_OBJC_IMPLEMENTATIONS = YES;
				CLANG_WARN_DIRECT_OBJC_ISA_USAGE = YES_ERROR;
				CLANG_WARN_DOCUMENTATION_COMMENTS = YES;
				CLANG_WARN_EMPTY_BODY = YES;
				CLANG_WARN_ENUM_CONVERSION = YES;
				CLANG_WARN_INFINITE_RECURSION = YES;
				CLANG_WARN_INT_CONVERSION = YES;
				CLANG_WARN_NON_LITERAL_NULL_CONVERSION = YES;
				CLANG_WARN_OBJC_IMPLICIT_RETAIN_SELF = YES;
				CLANG_WARN_OBJC_LITERAL_CONVERSION = YES;
				CLANG_WARN_OBJC_ROOT_CLASS = YES_ERROR;
				CLANG_WARN_RANGE_LOOP_ANALYSIS = YES;
				CLANG_WARN_STRICT_PROTOTYPES = YES;
				CLANG_WARN_SUSPICIOUS_MOVE = YES;
				CLANG_WARN_UNGUARDED_AVAILABILITY = YES_AGGRESSIVE;
				CLANG_WARN_UNREACHABLE_CODE = YES;
				CLANG_WARN__DUPLICATE_METHOD_MATCH = YES;
				CODE_SIGN_IDENTITY = "Mac Developer";
				COPY_PHASE_STRIP = NO;
				DEBUG_INFORMATION_FORMAT = "dwarf-with-dsym";
				ENABLE_NS_ASSERTIONS = NO;
				ENABLE_STRICT_OBJC_MSGSEND = YES;
				GCC_C_LANGUAGE_STANDARD = gnu11;
				GCC_NO_COMMON_BLOCKS = YES;
				GCC_WARN_64_TO_32_BIT_CONVERSION = YES;
				GCC_WARN_ABOUT_RETURN_TYPE = YES_ERROR;
				GCC_WARN_UNDECLARED_SELECTOR = YES;
				GCC_WARN_UNINITIALIZED_AUTOS = YES_AGGRESSIVE;
				GCC_WARN_UNUSED_FUNCTION = YES;
				GCC_WARN_UNUSED_VARIABLE = YES;
				MACOSX_DEPLOYMENT_TARGET = 10.14;
				MTL_ENABLE_DEBUG_INFO = NO;
				MTL_FAST_MATH = YES;
				SDKROOT = macosx;
				SWIFT_COMPILATION_MODE = wholemodule;
				SWIFT_OPTIMIZATION_LEVEL = "-O";
			};
			name = Release;
		};
		01C7BC81227C8F69000B236A /* Debug */ = {
			isa = XCBuildConfiguration;
			buildSettings = {
				ASSETCATALOG_COMPILER_APPICON_NAME = AppIcon;
				CODE_SIGN_ENTITLEMENTS = DataGrabber/DataGrabber.entitlements;
				CODE_SIGN_STYLE = Automatic;
				COMBINE_HIDPI_IMAGES = YES;
				DEVELOPMENT_TEAM = 664H2WD289;
				INFOPLIST_FILE = DataGrabber/Info.plist;
				LD_RUNPATH_SEARCH_PATHS = (
					"$(inherited)",
					"@executable_path/../Frameworks",
				);
				PRODUCT_BUNDLE_IDENTIFIER = nikitagulak.DataGrabber;
				PRODUCT_NAME = "$(TARGET_NAME)";
				SWIFT_VERSION = 5.0;
			};
			name = Debug;
		};
		01C7BC82227C8F69000B236A /* Release */ = {
			isa = XCBuildConfiguration;
			buildSettings = {
				ASSETCATALOG_COMPILER_APPICON_NAME = AppIcon;
				CODE_SIGN_ENTITLEMENTS = DataGrabber/DataGrabber.entitlements;
				CODE_SIGN_STYLE = Automatic;
				COMBINE_HIDPI_IMAGES = YES;
				DEVELOPMENT_TEAM = 664H2WD289;
				INFOPLIST_FILE = DataGrabber/Info.plist;
				LD_RUNPATH_SEARCH_PATHS = (
					"$(inherited)",
					"@executable_path/../Frameworks",
				);
				PRODUCT_BUNDLE_IDENTIFIER = nikitagulak.DataGrabber;
				PRODUCT_NAME = "$(TARGET_NAME)";
				SWIFT_VERSION = 5.0;
			};
			name = Release;
		};
/* End XCBuildConfiguration section */

/* Begin XCConfigurationList section */
		01C7BC6B227C8F68000B236A /* Build configuration list for PBXProject "DataGrabber" */ = {
			isa = XCConfigurationList;
			buildConfigurations = (
				01C7BC7E227C8F69000B236A /* Debug */,
				01C7BC7F227C8F69000B236A /* Release */,
			);
			defaultConfigurationIsVisible = 0;
			defaultConfigurationName = Release;
		};
		01C7BC80227C8F69000B236A /* Build configuration list for PBXNativeTarget "DataGrabber" */ = {
			isa = XCConfigurationList;
			buildConfigurations = (
				01C7BC81227C8F69000B236A /* Debug */,
				01C7BC82227C8F69000B236A /* Release */,
			);
			defaultConfigurationIsVisible = 0;
			defaultConfigurationName = Release;
		};
/* End XCConfigurationList section */
	};
	rootObject = 01C7BC68227C8F68000B236A /* Project object */;
}
